
Microsoft Visual Studio Solution File, Format Version 12.00
# Visual Studio Version 17
VisualStudioVersion = 17.6.33815.320
MinimumVisualStudioVersion = 10.0.40219.1
Project("{8BC9CEB8-8B4A-11D0-8D11-00A0C91BC942}") = "230705_CRA_Baseball", "230705_CRA_Baseball\230705_CRA_Baseball.vcxproj", "{0B2FCB4D-F876-4FB9-9E2C-FC07DC501AE9}"
EndProject
Project("{8BC9CEB8-8B4A-11D0-8D11-00A0C91BC942}") = "Sample-Test1", "Sample-Test1\Sample-Test1.vcxproj", "{EA8F6808-A32F-4ACA-B02C-DE7A27564837}"
EndProject
Project("{2150E333-8FDC-42A3-9474-1A3956D46DE8}") = "솔루션 항목", "솔루션 항목", "{C396EFD4-657B-43C0-9EC2-5433993BDA0B}"
	ProjectSection(SolutionItems) = preProject
		.gitignore = .gitignore
	EndProjectSection
EndProject
Global
	GlobalSection(SolutionConfigurationPlatforms) = preSolution
		Debug|x64 = Debug|x64
		Debug|x86 = Debug|x86
		Release|x64 = Release|x64
		Release|x86 = Release|x86
	EndGlobalSection
	GlobalSection(ProjectConfigurationPlatforms) = postSolution
		{0B2FCB4D-F876-4FB9-9E2C-FC07DC501AE9}.Debug|x64.ActiveCfg = Debug|x64
		{0B2FCB4D-F876-4FB9-9E2C-FC07DC501AE9}.Debug|x64.Build.0 = Debug|x64
		{0B2FCB4D-F876-4FB9-9E2C-FC07DC501AE9}.Debug|x86.ActiveCfg = Debug|Win32
		{0B2FCB4D-F876-4FB9-9E2C-FC07DC501AE9}.Debug|x86.Build.0 = Debug|Win32
		{0B2FCB4D-F876-4FB9-9E2C-FC07DC501AE9}.Release|x64.ActiveCfg = Release|x64
		{0B2FCB4D-F876-4FB9-9E2C-FC07DC501AE9}.Release|x64.Build.0 = Release|x64
		{0B2FCB4D-F876-4FB9-9E2C-FC07DC501AE9}.Release|x86.ActiveCfg = Release|Win32
		{0B2FCB4D-F876-4FB9-9E2C-FC07DC501AE9}.Release|x86.Build.0 = Release|Win32
		{EA8F6808-A32F-4ACA-B02C-DE7A27564837}.Debug|x64.ActiveCfg = Debug|x64
		{EA8F6808-A32F-4ACA-B02C-DE7A27564837}.Debug|x64.Build.0 = Debug|x64
		{EA8F6808-A32F-4ACA-B02C-DE7A27564837}.Debug|x86.ActiveCfg = Debug|Win32
		{EA8F6808-A32F-4ACA-B02C-DE7A27564837}.Debug|x86.Build.0 = Debug|Win32
		{EA8F6808-A32F-4ACA-B02C-DE7A27564837}.Release|x64.ActiveCfg = Release|x64
		{EA8F6808-A32F-4ACA-B02C-DE7A27564837}.Release|x64.Build.0 = Release|x64
		{EA8F6808-A32F-4ACA-B02C-DE7A27564837}.Release|x86.ActiveCfg = Release|Win32
		{EA8F6808-A32F-4ACA-B02C-DE7A27564837}.Release|x86.Build.0 = Release|Win32
	EndGlobalSection
	GlobalSection(SolutionProperties) = preSolution
		HideSolutionNode = FALSE
	EndGlobalSection
	GlobalSection(ExtensibilityGlobals) = postSolution
		SolutionGuid = {93C92BDC-714D-4685-A8CC-B43AE24523B7}
	EndGlobalSection
EndGlobal
